// !$*UTF8*$!
{
	archiveVersion = 1;
	classes = {
	};
	objectVersion = 46;
	objects = {

/* Begin PBXBuildFile section */
		5F4FAE1E1A618DEE00F7F626 /* TimeEntryImporter.swift in Sources */ = {isa = PBXBuildFile; fileRef = 5F4FAE1D1A618DEE00F7F626 /* TimeEntryImporter.swift */; };
		5F9829CE1A617B6C00B2CC01 /* AppDelegate.swift in Sources */ = {isa = PBXBuildFile; fileRef = 5F9829CD1A617B6C00B2CC01 /* AppDelegate.swift */; };
		5F9829D01A617B6C00B2CC01 /* Images.xcassets in Resources */ = {isa = PBXBuildFile; fileRef = 5F9829CF1A617B6C00B2CC01 /* Images.xcassets */; };
		5F9829D31A617B6C00B2CC01 /* MainMenu.xib in Resources */ = {isa = PBXBuildFile; fileRef = 5F9829D11A617B6C00B2CC01 /* MainMenu.xib */; };
		5F9829DF1A617B6C00B2CC01 /* arvtimeTests.swift in Sources */ = {isa = PBXBuildFile; fileRef = 5F9829DE1A617B6C00B2CC01 /* arvtimeTests.swift */; };
/* End PBXBuildFile section */

/* Begin PBXContainerItemProxy section */
		5F4FAE281A6197EF00F7F626 /* PBXContainerItemProxy */ = {
			isa = PBXContainerItemProxy;
			containerPortal = 5F4FAE221A6197EF00F7F626 /* XCGLogger.xcodeproj */;
			proxyType = 2;
			remoteGlobalIDString = 55E3EE4519D76F280068C3A7;
			remoteInfo = "XCGLogger (iOS)";
		};
		5F4FAE2A1A6197EF00F7F626 /* PBXContainerItemProxy */ = {
			isa = PBXContainerItemProxy;
			containerPortal = 5F4FAE221A6197EF00F7F626 /* XCGLogger.xcodeproj */;
			proxyType = 2;
			remoteGlobalIDString = 554DF41719D76FE7005708BE;
			remoteInfo = "XCGLogger (OS X)";
		};
		5F4FAE2C1A6197EF00F7F626 /* PBXContainerItemProxy */ = {
			isa = PBXContainerItemProxy;
			containerPortal = 5F4FAE221A6197EF00F7F626 /* XCGLogger.xcodeproj */;
			proxyType = 2;
			remoteGlobalIDString = 55E3EE5019D76F280068C3A7;
			remoteInfo = XCGLoggerTests;
		};
		5F9829D91A617B6C00B2CC01 /* PBXContainerItemProxy */ = {
			isa = PBXContainerItemProxy;
			containerPortal = 5F9829C01A617B6C00B2CC01 /* Project object */;
			proxyType = 1;
			remoteGlobalIDString = 5F9829C71A617B6C00B2CC01;
			remoteInfo = arvtime;
		};
/* End PBXContainerItemProxy section */

/* Begin PBXFileReference section */
		5F4FAE1D1A618DEE00F7F626 /* TimeEntryImporter.swift */ = {isa = PBXFileReference; fileEncoding = 4; lastKnownFileType = sourcecode.swift; path = TimeEntryImporter.swift; sourceTree = "<group>"; };
		5F4FAE221A6197EF00F7F626 /* XCGLogger.xcodeproj */ = {isa = PBXFileReference; lastKnownFileType = "wrapper.pb-project"; path = XCGLogger.xcodeproj; sourceTree = "<group>"; };
		5F9829C81A617B6C00B2CC01 /* arvtime.app */ = {isa = PBXFileReference; explicitFileType = wrapper.application; includeInIndex = 0; path = arvtime.app; sourceTree = BUILT_PRODUCTS_DIR; };
		5F9829CC1A617B6C00B2CC01 /* Info.plist */ = {isa = PBXFileReference; lastKnownFileType = text.plist.xml; path = Info.plist; sourceTree = "<group>"; };
		5F9829CD1A617B6C00B2CC01 /* AppDelegate.swift */ = {isa = PBXFileReference; lastKnownFileType = sourcecode.swift; path = AppDelegate.swift; sourceTree = "<group>"; };
		5F9829CF1A617B6C00B2CC01 /* Images.xcassets */ = {isa = PBXFileReference; lastKnownFileType = folder.assetcatalog; path = Images.xcassets; sourceTree = "<group>"; };
		5F9829D21A617B6C00B2CC01 /* Base */ = {isa = PBXFileReference; lastKnownFileType = file.xib; name = Base; path = Base.lproj/MainMenu.xib; sourceTree = "<group>"; };
		5F9829D81A617B6C00B2CC01 /* arvtimeTests.xctest */ = {isa = PBXFileReference; explicitFileType = wrapper.cfbundle; includeInIndex = 0; path = arvtimeTests.xctest; sourceTree = BUILT_PRODUCTS_DIR; };
		5F9829DD1A617B6C00B2CC01 /* Info.plist */ = {isa = PBXFileReference; lastKnownFileType = text.plist.xml; path = Info.plist; sourceTree = "<group>"; };
		5F9829DE1A617B6C00B2CC01 /* arvtimeTests.swift */ = {isa = PBXFileReference; lastKnownFileType = sourcecode.swift; path = arvtimeTests.swift; sourceTree = "<group>"; };
/* End PBXFileReference section */

/* Begin PBXFrameworksBuildPhase section */
		5F9829C51A617B6C00B2CC01 /* Frameworks */ = {
			isa = PBXFrameworksBuildPhase;
			buildActionMask = 2147483647;
			files = (
			);
			runOnlyForDeploymentPostprocessing = 0;
		};
		5F9829D51A617B6C00B2CC01 /* Frameworks */ = {
			isa = PBXFrameworksBuildPhase;
			buildActionMask = 2147483647;
			files = (
			);
			runOnlyForDeploymentPostprocessing = 0;
		};
/* End PBXFrameworksBuildPhase section */

/* Begin PBXGroup section */
		5F4FAE231A6197EF00F7F626 /* Products */ = {
			isa = PBXGroup;
			children = (
				5F4FAE291A6197EF00F7F626 /* XCGLogger.framework */,
				5F4FAE2B1A6197EF00F7F626 /* XCGLogger.framework */,
				5F4FAE2D1A6197EF00F7F626 /* XCGLoggerTests.xctest */,
			);
			name = Products;
			sourceTree = "<group>";
		};
		5F9829BF1A617B6C00B2CC01 = {
			isa = PBXGroup;
			children = (
				5FA2164A1A618510008B3A6C /* externals */,
				5F9829CA1A617B6C00B2CC01 /* arvtime */,
				5F9829DB1A617B6C00B2CC01 /* arvtimeTests */,
				5F9829C91A617B6C00B2CC01 /* Products */,
			);
			sourceTree = "<group>";
		};
		5F9829C91A617B6C00B2CC01 /* Products */ = {
			isa = PBXGroup;
			children = (
				5F9829C81A617B6C00B2CC01 /* arvtime.app */,
				5F9829D81A617B6C00B2CC01 /* arvtimeTests.xctest */,
			);
			name = Products;
			sourceTree = "<group>";
		};
		5F9829CA1A617B6C00B2CC01 /* arvtime */ = {
			isa = PBXGroup;
			children = (
				5F9829CD1A617B6C00B2CC01 /* AppDelegate.swift */,
				5F9829CF1A617B6C00B2CC01 /* Images.xcassets */,
				5F9829D11A617B6C00B2CC01 /* MainMenu.xib */,
				5F9829CB1A617B6C00B2CC01 /* Supporting Files */,
				5F4FAE1D1A618DEE00F7F626 /* TimeEntryImporter.swift */,
			);
			path = arvtime;
			sourceTree = "<group>";
		};
		5F9829CB1A617B6C00B2CC01 /* Supporting Files */ = {
			isa = PBXGroup;
			children = (
				5F9829CC1A617B6C00B2CC01 /* Info.plist */,
			);
			name = "Supporting Files";
			sourceTree = "<group>";
		};
		5F9829DB1A617B6C00B2CC01 /* arvtimeTests */ = {
			isa = PBXGroup;
			children = (
				5F9829DE1A617B6C00B2CC01 /* arvtimeTests.swift */,
				5F9829DC1A617B6C00B2CC01 /* Supporting Files */,
			);
			path = arvtimeTests;
			sourceTree = "<group>";
		};
		5F9829DC1A617B6C00B2CC01 /* Supporting Files */ = {
			isa = PBXGroup;
			children = (
				5F9829DD1A617B6C00B2CC01 /* Info.plist */,
			);
			name = "Supporting Files";
			sourceTree = "<group>";
		};
		5FA2164A1A618510008B3A6C /* externals */ = {
			isa = PBXGroup;
			children = (
				5F4FAE221A6197EF00F7F626 /* XCGLogger.xcodeproj */,
			);
			path = externals;
			sourceTree = "<group>";
		};
/* End PBXGroup section */

/* Begin PBXNativeTarget section */
		5F9829C71A617B6C00B2CC01 /* arvtime */ = {
			isa = PBXNativeTarget;
			buildConfigurationList = 5F9829E21A617B6C00B2CC01 /* Build configuration list for PBXNativeTarget "arvtime" */;
			buildPhases = (
				5F9829C41A617B6C00B2CC01 /* Sources */,
				5F9829C51A617B6C00B2CC01 /* Frameworks */,
				5F9829C61A617B6C00B2CC01 /* Resources */,
			);
			buildRules = (
			);
			dependencies = (
			);
			name = arvtime;
			productName = arvtime;
			productReference = 5F9829C81A617B6C00B2CC01 /* arvtime.app */;
			productType = "com.apple.product-type.application";
		};
		5F9829D71A617B6C00B2CC01 /* arvtimeTests */ = {
			isa = PBXNativeTarget;
			buildConfigurationList = 5F9829E51A617B6C00B2CC01 /* Build configuration list for PBXNativeTarget "arvtimeTests" */;
			buildPhases = (
				5F9829D41A617B6C00B2CC01 /* Sources */,
				5F9829D51A617B6C00B2CC01 /* Frameworks */,
				5F9829D61A617B6C00B2CC01 /* Resources */,
			);
			buildRules = (
			);
			dependencies = (
				5F9829DA1A617B6C00B2CC01 /* PBXTargetDependency */,
			);
			name = arvtimeTests;
			productName = arvtimeTests;
			productReference = 5F9829D81A617B6C00B2CC01 /* arvtimeTests.xctest */;
			productType = "com.apple.product-type.bundle.unit-test";
		};
/* End PBXNativeTarget section */

/* Begin PBXProject section */
		5F9829C01A617B6C00B2CC01 /* Project object */ = {
			isa = PBXProject;
			attributes = {
				LastUpgradeCheck = 0610;
				ORGANIZATIONNAME = "arvato Systems";
				TargetAttributes = {
					5F9829C71A617B6C00B2CC01 = {
						CreatedOnToolsVersion = 6.1.1;
					};
					5F9829D71A617B6C00B2CC01 = {
						CreatedOnToolsVersion = 6.1.1;
						TestTargetID = 5F9829C71A617B6C00B2CC01;
					};
				};
			};
			buildConfigurationList = 5F9829C31A617B6C00B2CC01 /* Build configuration list for PBXProject "arvtime" */;
			compatibilityVersion = "Xcode 3.2";
			developmentRegion = English;
			hasScannedForEncodings = 0;
			knownRegions = (
				en,
				Base,
			);
			mainGroup = 5F9829BF1A617B6C00B2CC01;
			productRefGroup = 5F9829C91A617B6C00B2CC01 /* Products */;
			projectDirPath = "";
			projectReferences = (
				{
					ProductGroup = 5F4FAE231A6197EF00F7F626 /* Products */;
					ProjectRef = 5F4FAE221A6197EF00F7F626 /* XCGLogger.xcodeproj */;
				},
			);
			projectRoot = "";
			targets = (
				5F9829C71A617B6C00B2CC01 /* arvtime */,
				5F9829D71A617B6C00B2CC01 /* arvtimeTests */,
			);
		};
/* End PBXProject section */

/* Begin PBXReferenceProxy section */
		5F4FAE291A6197EF00F7F626 /* XCGLogger.framework */ = {
			isa = PBXReferenceProxy;
			fileType = wrapper.framework;
			path = XCGLogger.framework;
			remoteRef = 5F4FAE281A6197EF00F7F626 /* PBXContainerItemProxy */;
			sourceTree = BUILT_PRODUCTS_DIR;
		};
		5F4FAE2B1A6197EF00F7F626 /* XCGLogger.framework */ = {
			isa = PBXReferenceProxy;
			fileType = wrapper.framework;
			path = XCGLogger.framework;
			remoteRef = 5F4FAE2A1A6197EF00F7F626 /* PBXContainerItemProxy */;
			sourceTree = BUILT_PRODUCTS_DIR;
		};
		5F4FAE2D1A6197EF00F7F626 /* XCGLoggerTests.xctest */ = {
			isa = PBXReferenceProxy;
			fileType = wrapper.cfbundle;
			path = XCGLoggerTests.xctest;
			remoteRef = 5F4FAE2C1A6197EF00F7F626 /* PBXContainerItemProxy */;
			sourceTree = BUILT_PRODUCTS_DIR;
		};
/* End PBXReferenceProxy section */

/* Begin PBXResourcesBuildPhase section */
		5F9829C61A617B6C00B2CC01 /* Resources */ = {
			isa = PBXResourcesBuildPhase;
			buildActionMask = 2147483647;
			files = (
				5F9829D01A617B6C00B2CC01 /* Images.xcassets in Resources */,
				5F9829D31A617B6C00B2CC01 /* MainMenu.xib in Resources */,
			);
			runOnlyForDeploymentPostprocessing = 0;
		};
		5F9829D61A617B6C00B2CC01 /* Resources */ = {
			isa = PBXResourcesBuildPhase;
			buildActionMask = 2147483647;
			files = (
			);
			runOnlyForDeploymentPostprocessing = 0;
		};
/* End PBXResourcesBuildPhase section */

/* Begin PBXSourcesBuildPhase section */
		5F9829C41A617B6C00B2CC01 /* Sources */ = {
			isa = PBXSourcesBuildPhase;
			buildActionMask = 2147483647;
			files = (
				5F9829CE1A617B6C00B2CC01 /* AppDelegate.swift in Sources */,
				5F4FAE1E1A618DEE00F7F626 /* TimeEntryImporter.swift in Sources */,
			);
			runOnlyForDeploymentPostprocessing = 0;
		};
		5F9829D41A617B6C00B2CC01 /* Sources */ = {
			isa = PBXSourcesBuildPhase;
			buildActionMask = 2147483647;
			files = (
				5F9829DF1A617B6C00B2CC01 /* arvtimeTests.swift in Sources */,
			);
			runOnlyForDeploymentPostprocessing = 0;
		};
/* End PBXSourcesBuildPhase section */

/* Begin PBXTargetDependency section */
		5F9829DA1A617B6C00B2CC01 /* PBXTargetDependency */ = {
			isa = PBXTargetDependency;
			target = 5F9829C71A617B6C00B2CC01 /* arvtime */;
			targetProxy = 5F9829D91A617B6C00B2CC01 /* PBXContainerItemProxy */;
		};
/* End PBXTargetDependency section */

/* Begin PBXVariantGroup section */
		5F9829D11A617B6C00B2CC01 /* MainMenu.xib */ = {
			isa = PBXVariantGroup;
			children = (
				5F9829D21A617B6C00B2CC01 /* Base */,
			);
			name = MainMenu.xib;
			sourceTree = "<group>";
		};
/* End PBXVariantGroup section */

/* Begin XCBuildConfiguration section */
		5F9829E01A617B6C00B2CC01 /* Debug */ = {
			isa = XCBuildConfiguration;
			buildSettings = {
				ALWAYS_SEARCH_USER_PATHS = NO;
				CLANG_CXX_LANGUAGE_STANDARD = "gnu++0x";
				CLANG_CXX_LIBRARY = "libc++";
				CLANG_ENABLE_MODULES = YES;
				CLANG_ENABLE_OBJC_ARC = YES;
				CLANG_WARN_BOOL_CONVERSION = YES;
				CLANG_WARN_CONSTANT_CONVERSION = YES;
				CLANG_WARN_DIRECT_OBJC_ISA_USAGE = YES_ERROR;
				CLANG_WARN_EMPTY_BODY = YES;
				CLANG_WARN_ENUM_CONVERSION = YES;
				CLANG_WARN_INT_CONVERSION = YES;
				CLANG_WARN_OBJC_ROOT_CLASS = YES_ERROR;
				CLANG_WARN_UNREACHABLE_CODE = YES;
				CLANG_WARN__DUPLICATE_METHOD_MATCH = YES;
				CODE_SIGN_IDENTITY = "-";
				COPY_PHASE_STRIP = NO;
				ENABLE_STRICT_OBJC_MSGSEND = YES;
				GCC_C_LANGUAGE_STANDARD = gnu99;
				GCC_DYNAMIC_NO_PIC = NO;
				GCC_OPTIMIZATION_LEVEL = 0;
				GCC_PREPROCESSOR_DEFINITIONS = (
					"DEBUG=1",
					"$(inherited)",
				);
				GCC_SYMBOLS_PRIVATE_EXTERN = NO;
				GCC_WARN_64_TO_32_BIT_CONVERSION = YES;
				GCC_WARN_ABOUT_RETURN_TYPE = YES_ERROR;
				GCC_WARN_UNDECLARED_SELECTOR = YES;
				GCC_WARN_UNINITIALIZED_AUTOS = YES_AGGRESSIVE;
				GCC_WARN_UNUSED_FUNCTION = YES;
				GCC_WARN_UNUSED_VARIABLE = YES;
				MACOSX_DEPLOYMENT_TARGET = 10.10;
				MTL_ENABLE_DEBUG_INFO = YES;
				ONLY_ACTIVE_ARCH = YES;
				SDKROOT = macosx;
				SWIFT_OPTIMIZATION_LEVEL = "-Onone";
			};
			name = Debug;
		};
		5F9829E11A617B6C00B2CC01 /* Release */ = {
			isa = XCBuildConfiguration;
			buildSettings = {
				ALWAYS_SEARCH_USER_PATHS = NO;
				CLANG_CXX_LANGUAGE_STANDARD = "gnu++0x";
				CLANG_CXX_LIBRARY = "libc++";
				CLANG_ENABLE_MODULES = YES;
				CLANG_ENABLE_OBJC_ARC = YES;
				CLANG_WARN_BOOL_CONVERSION = YES;
				CLANG_WARN_CONSTANT_CONVERSION = YES;
				CLANG_WARN_DIRECT_OBJC_ISA_USAGE = YES_ERROR;
				CLANG_WARN_EMPTY_BODY = YES;
				CLANG_WARN_ENUM_CONVERSION = YES;
				CLANG_WARN_INT_CONVERSION = YES;
				CLANG_WARN_OBJC_ROOT_CLASS = YES_ERROR;
				CLANG_WARN_UNREACHABLE_CODE = YES;
				CLANG_WARN__DUPLICATE_METHOD_MATCH = YES;
				CODE_SIGN_IDENTITY = "-";
				COPY_PHASE_STRIP = YES;
				DEBUG_INFORMATION_FORMAT = "dwarf-with-dsym";
				ENABLE_NS_ASSERTIONS = NO;
				ENABLE_STRICT_OBJC_MSGSEND = YES;
				GCC_C_LANGUAGE_STANDARD = gnu99;
				GCC_WARN_64_TO_32_BIT_CONVERSION = YES;
				GCC_WARN_ABOUT_RETURN_TYPE = YES_ERROR;
				GCC_WARN_UNDECLARED_SELECTOR = YES;
				GCC_WARN_UNINITIALIZED_AUTOS = YES_AGGRESSIVE;
				GCC_WARN_UNUSED_FUNCTION = YES;
				GCC_WARN_UNUSED_VARIABLE = YES;
				MACOSX_DEPLOYMENT_TARGET = 10.10;
				MTL_ENABLE_DEBUG_INFO = NO;
				SDKROOT = macosx;
			};
			name = Release;
		};
		5F9829E31A617B6C00B2CC01 /* Debug */ = {
			isa = XCBuildConfiguration;
			buildSettings = {
				ASSETCATALOG_COMPILER_APPICON_NAME = AppIcon;
				COMBINE_HIDPI_IMAGES = YES;
				INFOPLIST_FILE = arvtime/Info.plist;
				LD_RUNPATH_SEARCH_PATHS = "$(inherited) @executable_path/../Frameworks";
				PRODUCT_NAME = "$(TARGET_NAME)";
				USER_HEADER_SEARCH_PATHS = "externals/**";
			};
			name = Debug;
		};
		5F9829E41A617B6C00B2CC01 /* Release */ = {
			isa = XCBuildConfiguration;
			buildSettings = {
				ASSETCATALOG_COMPILER_APPICON_NAME = AppIcon;
				COMBINE_HIDPI_IMAGES = YES;
				INFOPLIST_FILE = arvtime/Info.plist;
				LD_RUNPATH_SEARCH_PATHS = "$(inherited) @executable_path/../Frameworks";
				PRODUCT_NAME = "$(TARGET_NAME)";
				USER_HEADER_SEARCH_PATHS = "externals/**";
			};
			name = Release;
		};
		5F9829E61A617B6C00B2CC01 /* Debug */ = {
			isa = XCBuildConfiguration;
			buildSettings = {
				BUNDLE_LOADER = "$(TEST_HOST)";
				COMBINE_HIDPI_IMAGES = YES;
				FRAMEWORK_SEARCH_PATHS = (
					"$(DEVELOPER_FRAMEWORKS_DIR)",
					"$(inherited)",
				);
				GCC_PREPROCESSOR_DEFINITIONS = (
					"DEBUG=1",
					"$(inherited)",
				);
				INFOPLIST_FILE = arvtimeTests/Info.plist;
				LD_RUNPATH_SEARCH_PATHS = "$(inherited) @executable_path/../Frameworks @loader_path/../Frameworks";
				PRODUCT_NAME = "$(TARGET_NAME)";
				TEST_HOST = "$(BUILT_PRODUCTS_DIR)/arvtime.app/Contents/MacOS/arvtime";
			};
			name = Debug;
		};
		5F9829E71A617B6C00B2CC01 /* Release */ = {
			isa = XCBuildConfiguration;
			buildSettings = {
				BUNDLE_LOADER = "$(TEST_HOST)";
				COMBINE_HIDPI_IMAGES = YES;
				FRAMEWORK_SEARCH_PATHS = (
					"$(DEVELOPER_FRAMEWORKS_DIR)",
					"$(inherited)",
				);
				INFOPLIST_FILE = arvtimeTests/Info.plist;
				LD_RUNPATH_SEARCH_PATHS = "$(inherited) @executable_path/../Frameworks @loader_path/../Frameworks";
				PRODUCT_NAME = "$(TARGET_NAME)";
				TEST_HOST = "$(BUILT_PRODUCTS_DIR)/arvtime.app/Contents/MacOS/arvtime";
			};
			name = Release;
		};
/* End XCBuildConfiguration section */

/* Begin XCConfigurationList section */
		5F9829C31A617B6C00B2CC01 /* Build configuration list for PBXProject "arvtime" */ = {
			isa = XCConfigurationList;
			buildConfigurations = (
				5F9829E01A617B6C00B2CC01 /* Debug */,
				5F9829E11A617B6C00B2CC01 /* Release */,
			);
			defaultConfigurationIsVisible = 0;
			defaultConfigurationName = Release;
		};
		5F9829E21A617B6C00B2CC01 /* Build configuration list for PBXNativeTarget "arvtime" */ = {
			isa = XCConfigurationList;
			buildConfigurations = (
				5F9829E31A617B6C00B2CC01 /* Debug */,
				5F9829E41A617B6C00B2CC01 /* Release */,
			);
			defaultConfigurationIsVisible = 0;
			defaultConfigurationName = Release;
		};
		5F9829E51A617B6C00B2CC01 /* Build configuration list for PBXNativeTarget "arvtimeTests" */ = {
			isa = XCConfigurationList;
			buildConfigurations = (
				5F9829E61A617B6C00B2CC01 /* Debug */,
				5F9829E71A617B6C00B2CC01 /* Release */,
			);
			defaultConfigurationIsVisible = 0;
			defaultConfigurationName = Release;
		};
/* End XCConfigurationList section */
	};
	rootObject = 5F9829C01A617B6C00B2CC01 /* Project object */;
}
